
Microsoft Visual Studio Solution File, Format Version 12.00
# Visual Studio Version 17
VisualStudioVersion = 17.0.31903.59
MinimumVisualStudioVersion = 10.0.40219.1
Project("{2150E333-8FDC-42A3-9474-1A3956D46DE8}") = "oop", "oop", "{8B70F19A-0FF4-4F32-AC87-09E6B833A5F4}"
EndProject
Project("{FAE04EC0-301F-11D3-BF4B-00C04F79EFBC}") = "abstractfactory", "oop\abstractfactory\abstractfactory.csproj", "{CE0ED5FA-8715-43B1-8E47-AB072ECD7D37}"
EndProject
Project("{FAE04EC0-301F-11D3-BF4B-00C04F79EFBC}") = "command", "oop\command\command.csproj", "{02700C4E-6D3B-4B2D-8F93-916969F35C95}"
EndProject
Project("{FAE04EC0-301F-11D3-BF4B-00C04F79EFBC}") = "decorator", "oop\decorator\decorator.csproj", "{AAC2780F-DA36-4621-9017-C55C83E7DAE8}"
EndProject
Project("{FAE04EC0-301F-11D3-BF4B-00C04F79EFBC}") = "template", "oop\template\template.csproj", "{85DC0CB5-26B9-4C46-B826-E6825FAF2CD7}"
EndProject
Project("{FAE04EC0-301F-11D3-BF4B-00C04F79EFBC}") = "observer", "observer\observer.csproj", "{0AA707A9-9168-4BB3-8640-7E6A3E0BB802}"
EndProject
Global
	GlobalSection(SolutionConfigurationPlatforms) = preSolution
		Debug|Any CPU = Debug|Any CPU
		Release|Any CPU = Release|Any CPU
	EndGlobalSection
	GlobalSection(SolutionProperties) = preSolution
		HideSolutionNode = FALSE
	EndGlobalSection
	GlobalSection(ProjectConfigurationPlatforms) = postSolution
		{CE0ED5FA-8715-43B1-8E47-AB072ECD7D37}.Debug|Any CPU.ActiveCfg = Debug|Any CPU
		{CE0ED5FA-8715-43B1-8E47-AB072ECD7D37}.Debug|Any CPU.Build.0 = Debug|Any CPU
		{CE0ED5FA-8715-43B1-8E47-AB072ECD7D37}.Release|Any CPU.ActiveCfg = Release|Any CPU
		{CE0ED5FA-8715-43B1-8E47-AB072ECD7D37}.Release|Any CPU.Build.0 = Release|Any CPU
		{02700C4E-6D3B-4B2D-8F93-916969F35C95}.Debug|Any CPU.ActiveCfg = Debug|Any CPU
		{02700C4E-6D3B-4B2D-8F93-916969F35C95}.Debug|Any CPU.Build.0 = Debug|Any CPU
		{02700C4E-6D3B-4B2D-8F93-916969F35C95}.Release|Any CPU.ActiveCfg = Release|Any CPU
		{02700C4E-6D3B-4B2D-8F93-916969F35C95}.Release|Any CPU.Build.0 = Release|Any CPU
		{AAC2780F-DA36-4621-9017-C55C83E7DAE8}.Debug|Any CPU.ActiveCfg = Debug|Any CPU
		{AAC2780F-DA36-4621-9017-C55C83E7DAE8}.Debug|Any CPU.Build.0 = Debug|Any CPU
		{AAC2780F-DA36-4621-9017-C55C83E7DAE8}.Release|Any CPU.ActiveCfg = Release|Any CPU
		{AAC2780F-DA36-4621-9017-C55C83E7DAE8}.Release|Any CPU.Build.0 = Release|Any CPU
		{85DC0CB5-26B9-4C46-B826-E6825FAF2CD7}.Debug|Any CPU.ActiveCfg = Debug|Any CPU
		{85DC0CB5-26B9-4C46-B826-E6825FAF2CD7}.Debug|Any CPU.Build.0 = Debug|Any CPU
		{85DC0CB5-26B9-4C46-B826-E6825FAF2CD7}.Release|Any CPU.ActiveCfg = Release|Any CPU
		{85DC0CB5-26B9-4C46-B826-E6825FAF2CD7}.Release|Any CPU.Build.0 = Release|Any CPU
		{0AA707A9-9168-4BB3-8640-7E6A3E0BB802}.Debug|Any CPU.ActiveCfg = Debug|Any CPU
		{0AA707A9-9168-4BB3-8640-7E6A3E0BB802}.Debug|Any CPU.Build.0 = Debug|Any CPU
		{0AA707A9-9168-4BB3-8640-7E6A3E0BB802}.Release|Any CPU.ActiveCfg = Release|Any CPU
		{0AA707A9-9168-4BB3-8640-7E6A3E0BB802}.Release|Any CPU.Build.0 = Release|Any CPU
	EndGlobalSection
	GlobalSection(NestedProjects) = preSolution
		{CE0ED5FA-8715-43B1-8E47-AB072ECD7D37} = {8B70F19A-0FF4-4F32-AC87-09E6B833A5F4}
		{02700C4E-6D3B-4B2D-8F93-916969F35C95} = {8B70F19A-0FF4-4F32-AC87-09E6B833A5F4}
		{AAC2780F-DA36-4621-9017-C55C83E7DAE8} = {8B70F19A-0FF4-4F32-AC87-09E6B833A5F4}
		{85DC0CB5-26B9-4C46-B826-E6825FAF2CD7} = {8B70F19A-0FF4-4F32-AC87-09E6B833A5F4}
	EndGlobalSection
EndGlobal
